<?xml version="1.0" encoding="utf-8"?>
<Project ToolsVersion="4.0" xmlns="http://schemas.microsoft.com/developer/msbuild/2003">
  <ItemGroup>
    <Filter Include="src">
      <UniqueIdentifier>{4460eeec-9e2f-46b6-909a-5ff4443075ce}</UniqueIdentifier>
    </Filter>
    <Filter Include="resources">
      <UniqueIdentifier>{04b65e7e-f0ce-4b83-a73e-501913daf790}</UniqueIdentifier>
    </Filter>
    <Filter Include="src\demos">
      <UniqueIdentifier>{086a42c6-0ba3-4871-912f-6f475949b9b1}</UniqueIdentifier>
    </Filter>
  </ItemGroup>
  <ItemGroup>
    <Xml Include="res\index.xml">
      <Filter>resources</Filter>
    </Xml>
  </ItemGroup>
  <ItemGroup>
    <None Include="res\index.json">
      <Filter>resources</Filter>
    </None>
    <None Include="packages.config" />
  </ItemGroup>
  <ItemGroup>
    <ClInclude Include="src\resource.h">
      <Filter>resources</Filter>
    </ClInclude>
    <ClInclude Include="src\common.h">
      <Filter>src</Filter>
    </ClInclude>
    <ClInclude Include="src\AudioDemo.h">
      <Filter>src\demos</Filter>
    </ClInclude>
    <ClInclude Include="src\ButtonDemo.h">
      <Filter>src\demos</Filter>
    </ClInclude>
    <ClInclude Include="src\InputDemo.h">
      <Filter>src\demos</Filter>
    </ClInclude>
    <ClInclude Include="src\NetworkDemo.h">
      <Filter>src\demos</Filter>
    </ClInclude>
    <ClInclude Include="src\ShapeDemo.h">
      <Filter>src\demos</Filter>
    </ClInclude>
    <ClInclude Include="src\TextDemo.h">
      <Filter>src\demos</Filter>
    </ClInclude>
    <ClInclude Include="src\FrameAnimationDemo.h">
      <Filter>src\demos</Filter>
    </ClInclude>
    <ClInclude Include="src\AnimationDemo.h">
      <Filter>src\demos</Filter>
    </ClInclude>
    <ClInclude Include="src\EaseAnimationDemo.h">
      <Filter>src\demos</Filter>
    </ClInclude>
  </ItemGroup>
  <ItemGroup>
    <ClCompile Include="src\main.cpp">
      <Filter>src</Filter>
    </ClCompile>
  </ItemGroup>
  <ItemGroup>
    <ResourceCompile Include="src\Demos.rc">
      <Filter>resources</Filter>
    </ResourceCompile>
  </ItemGroup>
</Project>